
Microsoft Visual Studio Solution File, Format Version 12.00
# Visual Studio 15
VisualStudioVersion = 15.0.27703.2042
MinimumVisualStudioVersion = 10.0.40219.1
Project("{DA7A21FA-8162-4350-AD77-A8D1B671F3ED}") = "Plot3", "Plot3\Plot3.rxproj", "{A1EE14FE-3D82-4CB5-877A-02DE44FE0E84}"
EndProject
Global
	GlobalSection(SolutionConfigurationPlatforms) = preSolution
		Debug|Any CPU = Debug|Any CPU
		Release|Any CPU = Release|Any CPU
	EndGlobalSection
	GlobalSection(ProjectConfigurationPlatforms) = postSolution
		{A1EE14FE-3D82-4CB5-877A-02DE44FE0E84}.Debug|Any CPU.ActiveCfg = Debug|Any CPU
		{A1EE14FE-3D82-4CB5-877A-02DE44FE0E84}.Debug|Any CPU.Build.0 = Debug|Any CPU
		{A1EE14FE-3D82-4CB5-877A-02DE44FE0E84}.Release|Any CPU.ActiveCfg = Release|Any CPU
		{A1EE14FE-3D82-4CB5-877A-02DE44FE0E84}.Release|Any CPU.Build.0 = Release|Any CPU
	EndGlobalSection
	GlobalSection(SolutionProperties) = preSolution
		HideSolutionNode = FALSE
	EndGlobalSection
	GlobalSection(ExtensibilityGlobals) = postSolution
		SolutionGuid = {24AF2FF4-576B-4692-8D2D-9FBAF0C80CEB}
	EndGlobalSection
EndGlobal
